<Solution>
  <Project Path="Catalog.Api.Domain/Catalog.Api.Domain.csproj" Id="9221bcae-6dbd-43fd-9e37-74aecaef572f" DisplayName="Catalog.API.Domain" />
  <Project Path="Catalog.API.Infra/Catalog.API.Infra.csproj" Id="e3ad1b24-ca1d-4253-ae12-78f9da62887b" />
  <Project Path="Catalog.API/Catalog.API.csproj" />
</Solution>
